
Microsoft Visual Studio Solution File, Format Version 12.00
# Visual Studio Version 17
VisualStudioVersion = 17.13.35825.156 d17.13
MinimumVisualStudioVersion = 10.0.40219.1
Project("{FAE04EC0-301F-11D3-BF4B-00C04F79EFBC}") = "PolymorphismTask-SmartCarRentalsSystem", "PolymorphismTask-SmartCarRentalsSystem.csproj", "{4DDCCB14-99A7-496C-ABF5-9F58A859D412}"
EndProject
Global
	GlobalSection(SolutionConfigurationPlatforms) = preSolution
		Debug|Any CPU = Debug|Any CPU
		Release|Any CPU = Release|Any CPU
	EndGlobalSection
	GlobalSection(ProjectConfigurationPlatforms) = postSolution
		{4DDCCB14-99A7-496C-ABF5-9F58A859D412}.Debug|Any CPU.ActiveCfg = Debug|Any CPU
		{4DDCCB14-99A7-496C-ABF5-9F58A859D412}.Debug|Any CPU.Build.0 = Debug|Any CPU
		{4DDCCB14-99A7-496C-ABF5-9F58A859D412}.Release|Any CPU.ActiveCfg = Release|Any CPU
		{4DDCCB14-99A7-496C-ABF5-9F58A859D412}.Release|Any CPU.Build.0 = Release|Any CPU
	EndGlobalSection
	GlobalSection(SolutionProperties) = preSolution
		HideSolutionNode = FALSE
	EndGlobalSection
	GlobalSection(ExtensibilityGlobals) = postSolution
		SolutionGuid = {4BC76FCF-4802-4260-BA28-0D3644995811}
	EndGlobalSection
EndGlobal
